{
    "_meta": {
        "hash": {
            "sha256": "e871c39ee2966abbc5458c16e092bd59758beb62816f7ec6ca5de7ba6f81f9c4"
        },
        "pipfile-spec": 6,
        "requires": {
            "python_version": "3.9"
        },
        "sources": [
            {
                "name": "pypi",
                "url": "https://pypi.org/simple",
                "verify_ssl": true
            }
        ]
    },
    "default": {
        "pyxel": {
            "path": "./../../pyxel",
            "version": "==1.8.5"
        }
    },
    "develop": {}
}
