{
    "_meta": {
        "hash": {
            "sha256": "b96f93762790444fbf5d2f291c0ca174bc21e6a067c090ea13d15cce4763c28a"
        },
        "pipfile-spec": 6,
        "requires": {
            "python_version": "3.9"
        },
        "sources": [
            {
                "name": "pypi",
                "url": "https://pypi.org/simple",
                "verify_ssl": true
            }
        ]
    },
    "default": {
        "pyxel": {
            "path": "./../../pyxel-master",
            "version": "==1.4.3"
        }
    },
    "develop": {}
}
